
Microsoft Visual Studio Solution File, Format Version 12.00
# Visual Studio Version 17
VisualStudioVersion = 17.0.32014.148
MinimumVisualStudioVersion = 10.0.40219.1
Project("{9A19103F-16F7-4668-BE54-9A1E7A4F7556}") = "Dinner_Aid.Client", "Client\Dinner_Aid.Client.csproj", "{4F7850C2-AF01-4CE4-87DB-19CC372571A1}"
EndProject
Project("{9A19103F-16F7-4668-BE54-9A1E7A4F7556}") = "Dinner_Aid.Server", "Server\Dinner_Aid.Server.csproj", "{7D4961D7-92A3-4DD1-9470-BD551B86EACC}"
EndProject
Project("{9A19103F-16F7-4668-BE54-9A1E7A4F7556}") = "Dinner_Aid.Shared", "Shared\Dinner_Aid.Shared.csproj", "{C4E89B7A-1E06-4B54-8F04-C0A72A612F4C}"
EndProject
Global
	GlobalSection(SolutionConfigurationPlatforms) = preSolution
		Debug|Any CPU = Debug|Any CPU
		Release|Any CPU = Release|Any CPU
	EndGlobalSection
	GlobalSection(ProjectConfigurationPlatforms) = postSolution
		{4F7850C2-AF01-4CE4-87DB-19CC372571A1}.Debug|Any CPU.ActiveCfg = Debug|Any CPU
		{4F7850C2-AF01-4CE4-87DB-19CC372571A1}.Debug|Any CPU.Build.0 = Debug|Any CPU
		{4F7850C2-AF01-4CE4-87DB-19CC372571A1}.Release|Any CPU.ActiveCfg = Release|Any CPU
		{4F7850C2-AF01-4CE4-87DB-19CC372571A1}.Release|Any CPU.Build.0 = Release|Any CPU
		{7D4961D7-92A3-4DD1-9470-BD551B86EACC}.Debug|Any CPU.ActiveCfg = Debug|Any CPU
		{7D4961D7-92A3-4DD1-9470-BD551B86EACC}.Debug|Any CPU.Build.0 = Debug|Any CPU
		{7D4961D7-92A3-4DD1-9470-BD551B86EACC}.Release|Any CPU.ActiveCfg = Release|Any CPU
		{7D4961D7-92A3-4DD1-9470-BD551B86EACC}.Release|Any CPU.Build.0 = Release|Any CPU
		{C4E89B7A-1E06-4B54-8F04-C0A72A612F4C}.Debug|Any CPU.ActiveCfg = Debug|Any CPU
		{C4E89B7A-1E06-4B54-8F04-C0A72A612F4C}.Debug|Any CPU.Build.0 = Debug|Any CPU
		{C4E89B7A-1E06-4B54-8F04-C0A72A612F4C}.Release|Any CPU.ActiveCfg = Release|Any CPU
		{C4E89B7A-1E06-4B54-8F04-C0A72A612F4C}.Release|Any CPU.Build.0 = Release|Any CPU
	EndGlobalSection
	GlobalSection(SolutionProperties) = preSolution
		HideSolutionNode = FALSE
	EndGlobalSection
	GlobalSection(ExtensibilityGlobals) = postSolution
		SolutionGuid = {F9E2908F-8E0C-4CE0-A906-E72832B9B4C1}
	EndGlobalSection
EndGlobal
